// !$*UTF8*$!
{
	archiveVersion = 1;
	classes = {
	};
	objectVersion = 46;
	objects = {

/* Begin PBXBuildFile section */
		1844E5631D154286008B72F7 /* Default@2x.png in Resources */ = {isa = PBXBuildFile; fileRef = 1844E5601D154286008B72F7 /* Default@2x.png */; };
		1844E5641D154286008B72F7 /* Default.png in Resources */ = {isa = PBXBuildFile; fileRef = 1844E5611D154286008B72F7 /* Default.png */; };
		1844E5651D154286008B72F7 /* Default-568h@2x.png in Resources */ = {isa = PBXBuildFile; fileRef = 1844E5621D154286008B72F7 /* Default-568h@2x.png */; };
		1844E5681D1554BA008B72F7 /* MThreadViewController.m in Sources */ = {isa = PBXBuildFile; fileRef = 1844E5671D1554BA008B72F7 /* MThreadViewController.m */; };
		1844E56C1D1557B2008B72F7 /* PthreadsViewController.m in Sources */ = {isa = PBXBuildFile; fileRef = 1844E56B1D1557B2008B72F7 /* PthreadsViewController.m */; };
		1844E56F1D1557E1008B72F7 /* NThreadViewController.m in Sources */ = {isa = PBXBuildFile; fileRef = 1844E56E1D1557E1008B72F7 /* NThreadViewController.m */; };
		1844E5721D1557ED008B72F7 /* GCDViewController.m in Sources */ = {isa = PBXBuildFile; fileRef = 1844E5711D1557ED008B72F7 /* GCDViewController.m */; };
		1844E5751D155808008B72F7 /* OperationViewController.m in Sources */ = {isa = PBXBuildFile; fileRef = 1844E5741D155808008B72F7 /* OperationViewController.m */; };
		1844E5791D15B346008B72F7 /* PthModel.m in Sources */ = {isa = PBXBuildFile; fileRef = 1844E5781D15B346008B72F7 /* PthModel.m */; };
		187D3C4F1D103353007354AC /* main.m in Sources */ = {isa = PBXBuildFile; fileRef = 187D3C4E1D103353007354AC /* main.m */; };
		187D3C5B1D103353007354AC /* iOSKnowledges.xcdatamodeld in Sources */ = {isa = PBXBuildFile; fileRef = 187D3C591D103353007354AC /* iOSKnowledges.xcdatamodeld */; };
		187D3C5D1D103353007354AC /* Assets.xcassets in Resources */ = {isa = PBXBuildFile; fileRef = 187D3C5C1D103353007354AC /* Assets.xcassets */; };
		187D3C6B1D103353007354AC /* iOSKnowledgesTests.m in Sources */ = {isa = PBXBuildFile; fileRef = 187D3C6A1D103353007354AC /* iOSKnowledgesTests.m */; };
		187D3C761D103353007354AC /* iOSKnowledgesUITests.m in Sources */ = {isa = PBXBuildFile; fileRef = 187D3C751D103353007354AC /* iOSKnowledgesUITests.m */; };
		187D3C8C1D103BD3007354AC /* AppDelegate.m in Sources */ = {isa = PBXBuildFile; fileRef = 187D3C881D103BD3007354AC /* AppDelegate.m */; };
		187D3C8D1D103BD3007354AC /* ViewController.m in Sources */ = {isa = PBXBuildFile; fileRef = 187D3C8B1D103BD3007354AC /* ViewController.m */; };
/* End PBXBuildFile section */

/* Begin PBXContainerItemProxy section */
		187D3C671D103353007354AC /* PBXContainerItemProxy */ = {
			isa = PBXContainerItemProxy;
			containerPortal = 187D3C421D103353007354AC /* Project object */;
			proxyType = 1;
			remoteGlobalIDString = 187D3C491D103353007354AC;
			remoteInfo = iOSKnowledges;
		};
		187D3C721D103353007354AC /* PBXContainerItemProxy */ = {
			isa = PBXContainerItemProxy;
			containerPortal = 187D3C421D103353007354AC /* Project object */;
			proxyType = 1;
			remoteGlobalIDString = 187D3C491D103353007354AC;
			remoteInfo = iOSKnowledges;
		};
/* End PBXContainerItemProxy section */

/* Begin PBXFileReference section */
		1844E5601D154286008B72F7 /* Default@2x.png */ = {isa = PBXFileReference; lastKnownFileType = image.png; path = "Default@2x.png"; sourceTree = "<group>"; };
		1844E5611D154286008B72F7 /* Default.png */ = {isa = PBXFileReference; lastKnownFileType = image.png; path = Default.png; sourceTree = "<group>"; };
		1844E5621D154286008B72F7 /* Default-568h@2x.png */ = {isa = PBXFileReference; lastKnownFileType = image.png; path = "Default-568h@2x.png"; sourceTree = "<group>"; };
		1844E5661D1554BA008B72F7 /* MThreadViewController.h */ = {isa = PBXFileReference; fileEncoding = 4; lastKnownFileType = sourcecode.c.h; path = MThreadViewController.h; sourceTree = "<group>"; };
		1844E5671D1554BA008B72F7 /* MThreadViewController.m */ = {isa = PBXFileReference; fileEncoding = 4; lastKnownFileType = sourcecode.c.objc; path = MThreadViewController.m; sourceTree = "<group>"; };
		1844E56A1D1557B2008B72F7 /* PthreadsViewController.h */ = {isa = PBXFileReference; fileEncoding = 4; lastKnownFileType = sourcecode.c.h; path = PthreadsViewController.h; sourceTree = "<group>"; };
		1844E56B1D1557B2008B72F7 /* PthreadsViewController.m */ = {isa = PBXFileReference; fileEncoding = 4; lastKnownFileType = sourcecode.c.objc; path = PthreadsViewController.m; sourceTree = "<group>"; };
		1844E56D1D1557E1008B72F7 /* NThreadViewController.h */ = {isa = PBXFileReference; fileEncoding = 4; lastKnownFileType = sourcecode.c.h; path = NThreadViewController.h; sourceTree = "<group>"; };
		1844E56E1D1557E1008B72F7 /* NThreadViewController.m */ = {isa = PBXFileReference; fileEncoding = 4; lastKnownFileType = sourcecode.c.objc; path = NThreadViewController.m; sourceTree = "<group>"; };
		1844E5701D1557ED008B72F7 /* GCDViewController.h */ = {isa = PBXFileReference; fileEncoding = 4; lastKnownFileType = sourcecode.c.h; path = GCDViewController.h; sourceTree = "<group>"; };
		1844E5711D1557ED008B72F7 /* GCDViewController.m */ = {isa = PBXFileReference; fileEncoding = 4; lastKnownFileType = sourcecode.c.objc; path = GCDViewController.m; sourceTree = "<group>"; };
		1844E5731D155808008B72F7 /* OperationViewController.h */ = {isa = PBXFileReference; fileEncoding = 4; lastKnownFileType = sourcecode.c.h; path = OperationViewController.h; sourceTree = "<group>"; };
		1844E5741D155808008B72F7 /* OperationViewController.m */ = {isa = PBXFileReference; fileEncoding = 4; lastKnownFileType = sourcecode.c.objc; path = OperationViewController.m; sourceTree = "<group>"; };
		1844E5771D15B346008B72F7 /* PthModel.h */ = {isa = PBXFileReference; fileEncoding = 4; lastKnownFileType = sourcecode.c.h; path = PthModel.h; sourceTree = "<group>"; };
		1844E5781D15B346008B72F7 /* PthModel.m */ = {isa = PBXFileReference; fileEncoding = 4; lastKnownFileType = sourcecode.c.objc; path = PthModel.m; sourceTree = "<group>"; };
		187D3C4A1D103353007354AC /* iOSKnowledges.app */ = {isa = PBXFileReference; explicitFileType = wrapper.application; includeInIndex = 0; path = iOSKnowledges.app; sourceTree = BUILT_PRODUCTS_DIR; };
		187D3C4E1D103353007354AC /* main.m */ = {isa = PBXFileReference; lastKnownFileType = sourcecode.c.objc; path = main.m; sourceTree = "<group>"; };
		187D3C5A1D103353007354AC /* iOSKnowledges.xcdatamodel */ = {isa = PBXFileReference; lastKnownFileType = wrapper.xcdatamodel; path = iOSKnowledges.xcdatamodel; sourceTree = "<group>"; };
		187D3C5C1D103353007354AC /* Assets.xcassets */ = {isa = PBXFileReference; lastKnownFileType = folder.assetcatalog; path = Assets.xcassets; sourceTree = "<group>"; };
		187D3C611D103353007354AC /* Info.plist */ = {isa = PBXFileReference; lastKnownFileType = text.plist.xml; path = Info.plist; sourceTree = "<group>"; };
		187D3C661D103353007354AC /* iOSKnowledgesTests.xctest */ = {isa = PBXFileReference; explicitFileType = wrapper.cfbundle; includeInIndex = 0; path = iOSKnowledgesTests.xctest; sourceTree = BUILT_PRODUCTS_DIR; };
		187D3C6A1D103353007354AC /* iOSKnowledgesTests.m */ = {isa = PBXFileReference; lastKnownFileType = sourcecode.c.objc; path = iOSKnowledgesTests.m; sourceTree = "<group>"; };
		187D3C6C1D103353007354AC /* Info.plist */ = {isa = PBXFileReference; lastKnownFileType = text.plist.xml; path = Info.plist; sourceTree = "<group>"; };
		187D3C711D103353007354AC /* iOSKnowledgesUITests.xctest */ = {isa = PBXFileReference; explicitFileType = wrapper.cfbundle; includeInIndex = 0; path = iOSKnowledgesUITests.xctest; sourceTree = BUILT_PRODUCTS_DIR; };
		187D3C751D103353007354AC /* iOSKnowledgesUITests.m */ = {isa = PBXFileReference; lastKnownFileType = sourcecode.c.objc; path = iOSKnowledgesUITests.m; sourceTree = "<group>"; };
		187D3C771D103353007354AC /* Info.plist */ = {isa = PBXFileReference; lastKnownFileType = text.plist.xml; path = Info.plist; sourceTree = "<group>"; };
		187D3C871D103BD3007354AC /* AppDelegate.h */ = {isa = PBXFileReference; fileEncoding = 4; lastKnownFileType = sourcecode.c.h; path = AppDelegate.h; sourceTree = "<group>"; };
		187D3C881D103BD3007354AC /* AppDelegate.m */ = {isa = PBXFileReference; fileEncoding = 4; lastKnownFileType = sourcecode.c.objc; path = AppDelegate.m; sourceTree = "<group>"; };
		187D3C8A1D103BD3007354AC /* ViewController.h */ = {isa = PBXFileReference; fileEncoding = 4; lastKnownFileType = sourcecode.c.h; path = ViewController.h; sourceTree = "<group>"; };
		187D3C8B1D103BD3007354AC /* ViewController.m */ = {isa = PBXFileReference; fileEncoding = 4; lastKnownFileType = sourcecode.c.objc; path = ViewController.m; sourceTree = "<group>"; };
/* End PBXFileReference section */

/* Begin PBXFrameworksBuildPhase section */
		187D3C471D103353007354AC /* Frameworks */ = {
			isa = PBXFrameworksBuildPhase;
			buildActionMask = 2147483647;
			files = (
			);
			runOnlyForDeploymentPostprocessing = 0;
		};
		187D3C631D103353007354AC /* Frameworks */ = {
			isa = PBXFrameworksBuildPhase;
			buildActionMask = 2147483647;
			files = (
			);
			runOnlyForDeploymentPostprocessing = 0;
		};
		187D3C6E1D103353007354AC /* Frameworks */ = {
			isa = PBXFrameworksBuildPhase;
			buildActionMask = 2147483647;
			files = (
			);
			runOnlyForDeploymentPostprocessing = 0;
		};
/* End PBXFrameworksBuildPhase section */

/* Begin PBXGroup section */
		1844E5691D15578A008B72F7 /* MThread */ = {
			isa = PBXGroup;
			children = (
				1844E56A1D1557B2008B72F7 /* PthreadsViewController.h */,
				1844E56B1D1557B2008B72F7 /* PthreadsViewController.m */,
				1844E56D1D1557E1008B72F7 /* NThreadViewController.h */,
				1844E56E1D1557E1008B72F7 /* NThreadViewController.m */,
				1844E5701D1557ED008B72F7 /* GCDViewController.h */,
				1844E5711D1557ED008B72F7 /* GCDViewController.m */,
				1844E5731D155808008B72F7 /* OperationViewController.h */,
				1844E5741D155808008B72F7 /* OperationViewController.m */,
			);
			path = MThread;
			sourceTree = "<group>";
		};
		1844E5761D15B325008B72F7 /* Model */ = {
			isa = PBXGroup;
			children = (
				1844E5771D15B346008B72F7 /* PthModel.h */,
				1844E5781D15B346008B72F7 /* PthModel.m */,
			);
			path = Model;
			sourceTree = "<group>";
		};
		187D3C411D103353007354AC = {
			isa = PBXGroup;
			children = (
				187D3C4C1D103353007354AC /* iOSKnowledges */,
				187D3C691D103353007354AC /* iOSKnowledgesTests */,
				187D3C741D103353007354AC /* iOSKnowledgesUITests */,
				187D3C4B1D103353007354AC /* Products */,
			);
			sourceTree = "<group>";
		};
		187D3C4B1D103353007354AC /* Products */ = {
			isa = PBXGroup;
			children = (
				187D3C4A1D103353007354AC /* iOSKnowledges.app */,
				187D3C661D103353007354AC /* iOSKnowledgesTests.xctest */,
				187D3C711D103353007354AC /* iOSKnowledgesUITests.xctest */,
			);
			name = Products;
			sourceTree = "<group>";
		};
		187D3C4C1D103353007354AC /* iOSKnowledges */ = {
			isa = PBXGroup;
			children = (
				187D3C5C1D103353007354AC /* Assets.xcassets */,
				187D3C611D103353007354AC /* Info.plist */,
				187D3C591D103353007354AC /* iOSKnowledges.xcdatamodeld */,
				1844E5761D15B325008B72F7 /* Model */,
				187D3C861D103BD3007354AC /* Application */,
				187D3C891D103BD3007354AC /* ViewControllers */,
				187D3C8E1D104030007354AC /* Resources */,
				187D3C4D1D103353007354AC /* Supporting Files */,
			);
			path = iOSKnowledges;
			sourceTree = "<group>";
		};
		187D3C4D1D103353007354AC /* Supporting Files */ = {
			isa = PBXGroup;
			children = (
				187D3C4E1D103353007354AC /* main.m */,
			);
			name = "Supporting Files";
			sourceTree = "<group>";
		};
		187D3C691D103353007354AC /* iOSKnowledgesTests */ = {
			isa = PBXGroup;
			children = (
				187D3C6A1D103353007354AC /* iOSKnowledgesTests.m */,
				187D3C6C1D103353007354AC /* Info.plist */,
			);
			path = iOSKnowledgesTests;
			sourceTree = "<group>";
		};
		187D3C741D103353007354AC /* iOSKnowledgesUITests */ = {
			isa = PBXGroup;
			children = (
				187D3C751D103353007354AC /* iOSKnowledgesUITests.m */,
				187D3C771D103353007354AC /* Info.plist */,
			);
			path = iOSKnowledgesUITests;
			sourceTree = "<group>";
		};
		187D3C861D103BD3007354AC /* Application */ = {
			isa = PBXGroup;
			children = (
				187D3C871D103BD3007354AC /* AppDelegate.h */,
				187D3C881D103BD3007354AC /* AppDelegate.m */,
			);
			path = Application;
			sourceTree = "<group>";
		};
		187D3C891D103BD3007354AC /* ViewControllers */ = {
			isa = PBXGroup;
			children = (
				187D3C8A1D103BD3007354AC /* ViewController.h */,
				187D3C8B1D103BD3007354AC /* ViewController.m */,
				1844E5661D1554BA008B72F7 /* MThreadViewController.h */,
				1844E5671D1554BA008B72F7 /* MThreadViewController.m */,
				1844E5691D15578A008B72F7 /* MThread */,
			);
			path = ViewControllers;
			sourceTree = "<group>";
		};
		187D3C8E1D104030007354AC /* Resources */ = {
			isa = PBXGroup;
			children = (
				1844E5601D154286008B72F7 /* Default@2x.png */,
				1844E5611D154286008B72F7 /* Default.png */,
				1844E5621D154286008B72F7 /* Default-568h@2x.png */,
			);
			path = Resources;
			sourceTree = "<group>";
		};
/* End PBXGroup section */

/* Begin PBXNativeTarget section */
		187D3C491D103353007354AC /* iOSKnowledges */ = {
			isa = PBXNativeTarget;
			buildConfigurationList = 187D3C7A1D103353007354AC /* Build configuration list for PBXNativeTarget "iOSKnowledges" */;
			buildPhases = (
				187D3C461D103353007354AC /* Sources */,
				187D3C471D103353007354AC /* Frameworks */,
				187D3C481D103353007354AC /* Resources */,
			);
			buildRules = (
			);
			dependencies = (
			);
			name = iOSKnowledges;
			productName = iOSKnowledges;
			productReference = 187D3C4A1D103353007354AC /* iOSKnowledges.app */;
			productType = "com.apple.product-type.application";
		};
		187D3C651D103353007354AC /* iOSKnowledgesTests */ = {
			isa = PBXNativeTarget;
			buildConfigurationList = 187D3C7D1D103353007354AC /* Build configuration list for PBXNativeTarget "iOSKnowledgesTests" */;
			buildPhases = (
				187D3C621D103353007354AC /* Sources */,
				187D3C631D103353007354AC /* Frameworks */,
				187D3C641D103353007354AC /* Resources */,
			);
			buildRules = (
			);
			dependencies = (
				187D3C681D103353007354AC /* PBXTargetDependency */,
			);
			name = iOSKnowledgesTests;
			productName = iOSKnowledgesTests;
			productReference = 187D3C661D103353007354AC /* iOSKnowledgesTests.xctest */;
			productType = "com.apple.product-type.bundle.unit-test";
		};
		187D3C701D103353007354AC /* iOSKnowledgesUITests */ = {
			isa = PBXNativeTarget;
			buildConfigurationList = 187D3C801D103353007354AC /* Build configuration list for PBXNativeTarget "iOSKnowledgesUITests" */;
			buildPhases = (
				187D3C6D1D103353007354AC /* Sources */,
				187D3C6E1D103353007354AC /* Frameworks */,
				187D3C6F1D103353007354AC /* Resources */,
			);
			buildRules = (
			);
			dependencies = (
				187D3C731D103353007354AC /* PBXTargetDependency */,
			);
			name = iOSKnowledgesUITests;
			productName = iOSKnowledgesUITests;
			productReference = 187D3C711D103353007354AC /* iOSKnowledgesUITests.xctest */;
			productType = "com.apple.product-type.bundle.ui-testing";
		};
/* End PBXNativeTarget section */

/* Begin PBXProject section */
		187D3C421D103353007354AC /* Project object */ = {
			isa = PBXProject;
			attributes = {
				LastUpgradeCheck = 0730;
				ORGANIZATIONNAME = LHW;
				TargetAttributes = {
					187D3C491D103353007354AC = {
						CreatedOnToolsVersion = 7.3;
					};
					187D3C651D103353007354AC = {
						CreatedOnToolsVersion = 7.3;
						TestTargetID = 187D3C491D103353007354AC;
					};
					187D3C701D103353007354AC = {
						CreatedOnToolsVersion = 7.3;
						TestTargetID = 187D3C491D103353007354AC;
					};
				};
			};
			buildConfigurationList = 187D3C451D103353007354AC /* Build configuration list for PBXProject "iOSKnowledges" */;
			compatibilityVersion = "Xcode 3.2";
			developmentRegion = English;
			hasScannedForEncodings = 0;
			knownRegions = (
				en,
				Base,
			);
			mainGroup = 187D3C411D103353007354AC;
			productRefGroup = 187D3C4B1D103353007354AC /* Products */;
			projectDirPath = "";
			projectRoot = "";
			targets = (
				187D3C491D103353007354AC /* iOSKnowledges */,
				187D3C651D103353007354AC /* iOSKnowledgesTests */,
				187D3C701D103353007354AC /* iOSKnowledgesUITests */,
			);
		};
/* End PBXProject section */

/* Begin PBXResourcesBuildPhase section */
		187D3C481D103353007354AC /* Resources */ = {
			isa = PBXResourcesBuildPhase;
			buildActionMask = 2147483647;
			files = (
				1844E5631D154286008B72F7 /* Default@2x.png in Resources */,
				1844E5651D154286008B72F7 /* Default-568h@2x.png in Resources */,
				1844E5641D154286008B72F7 /* Default.png in Resources */,
				187D3C5D1D103353007354AC /* Assets.xcassets in Resources */,
			);
			runOnlyForDeploymentPostprocessing = 0;
		};
		187D3C641D103353007354AC /* Resources */ = {
			isa = PBXResourcesBuildPhase;
			buildActionMask = 2147483647;
			files = (
			);
			runOnlyForDeploymentPostprocessing = 0;
		};
		187D3C6F1D103353007354AC /* Resources */ = {
			isa = PBXResourcesBuildPhase;
			buildActionMask = 2147483647;
			files = (
			);
			runOnlyForDeploymentPostprocessing = 0;
		};
/* End PBXResourcesBuildPhase section */

/* Begin PBXSourcesBuildPhase section */
		187D3C461D103353007354AC /* Sources */ = {
			isa = PBXSourcesBuildPhase;
			buildActionMask = 2147483647;
			files = (
				187D3C5B1D103353007354AC /* iOSKnowledges.xcdatamodeld in Sources */,
				1844E5751D155808008B72F7 /* OperationViewController.m in Sources */,
				187D3C4F1D103353007354AC /* main.m in Sources */,
				187D3C8D1D103BD3007354AC /* ViewController.m in Sources */,
				1844E5721D1557ED008B72F7 /* GCDViewController.m in Sources */,
				1844E5681D1554BA008B72F7 /* MThreadViewController.m in Sources */,
				187D3C8C1D103BD3007354AC /* AppDelegate.m in Sources */,
				1844E56C1D1557B2008B72F7 /* PthreadsViewController.m in Sources */,
				1844E5791D15B346008B72F7 /* PthModel.m in Sources */,
				1844E56F1D1557E1008B72F7 /* NThreadViewController.m in Sources */,
			);
			runOnlyForDeploymentPostprocessing = 0;
		};
		187D3C621D103353007354AC /* Sources */ = {
			isa = PBXSourcesBuildPhase;
			buildActionMask = 2147483647;
			files = (
				187D3C6B1D103353007354AC /* iOSKnowledgesTests.m in Sources */,
			);
			runOnlyForDeploymentPostprocessing = 0;
		};
		187D3C6D1D103353007354AC /* Sources */ = {
			isa = PBXSourcesBuildPhase;
			buildActionMask = 2147483647;
			files = (
				187D3C761D103353007354AC /* iOSKnowledgesUITests.m in Sources */,
			);
			runOnlyForDeploymentPostprocessing = 0;
		};
/* End PBXSourcesBuildPhase section */

/* Begin PBXTargetDependency section */
		187D3C681D103353007354AC /* PBXTargetDependency */ = {
			isa = PBXTargetDependency;
			target = 187D3C491D103353007354AC /* iOSKnowledges */;
			targetProxy = 187D3C671D103353007354AC /* PBXContainerItemProxy */;
		};
		187D3C731D103353007354AC /* PBXTargetDependency */ = {
			isa = PBXTargetDependency;
			target = 187D3C491D103353007354AC /* iOSKnowledges */;
			targetProxy = 187D3C721D103353007354AC /* PBXContainerItemProxy */;
		};
/* End PBXTargetDependency section */

/* Begin XCBuildConfiguration section */
		187D3C781D103353007354AC /* Debug */ = {
			isa = XCBuildConfiguration;
			buildSettings = {
				ALWAYS_SEARCH_USER_PATHS = NO;
				CLANG_ANALYZER_NONNULL = YES;
				CLANG_CXX_LANGUAGE_STANDARD = "gnu++0x";
				CLANG_CXX_LIBRARY = "libc++";
				CLANG_ENABLE_MODULES = YES;
				CLANG_ENABLE_OBJC_ARC = YES;
				CLANG_WARN_BOOL_CONVERSION = YES;
				CLANG_WARN_CONSTANT_CONVERSION = YES;
				CLANG_WARN_DIRECT_OBJC_ISA_USAGE = YES_ERROR;
				CLANG_WARN_EMPTY_BODY = YES;
				CLANG_WARN_ENUM_CONVERSION = YES;
				CLANG_WARN_INT_CONVERSION = YES;
				CLANG_WARN_OBJC_ROOT_CLASS = YES_ERROR;
				CLANG_WARN_UNREACHABLE_CODE = YES;
				CLANG_WARN__DUPLICATE_METHOD_MATCH = YES;
				"CODE_SIGN_IDENTITY[sdk=iphoneos*]" = "iPhone Developer";
				COPY_PHASE_STRIP = NO;
				DEBUG_INFORMATION_FORMAT = dwarf;
				ENABLE_STRICT_OBJC_MSGSEND = YES;
				ENABLE_TESTABILITY = YES;
				GCC_C_LANGUAGE_STANDARD = gnu99;
				GCC_DYNAMIC_NO_PIC = NO;
				GCC_NO_COMMON_BLOCKS = YES;
				GCC_OPTIMIZATION_LEVEL = 0;
				GCC_PREPROCESSOR_DEFINITIONS = (
					"DEBUG=1",
					"$(inherited)",
				);
				GCC_WARN_64_TO_32_BIT_CONVERSION = YES;
				GCC_WARN_ABOUT_RETURN_TYPE = YES_ERROR;
				GCC_WARN_UNDECLARED_SELECTOR = YES;
				GCC_WARN_UNINITIALIZED_AUTOS = YES_AGGRESSIVE;
				GCC_WARN_UNUSED_FUNCTION = YES;
				GCC_WARN_UNUSED_VARIABLE = YES;
				IPHONEOS_DEPLOYMENT_TARGET = 9.3;
				MTL_ENABLE_DEBUG_INFO = YES;
				ONLY_ACTIVE_ARCH = YES;
				SDKROOT = iphoneos;
			};
			name = Debug;
		};
		187D3C791D103353007354AC /* Release */ = {
			isa = XCBuildConfiguration;
			buildSettings = {
				ALWAYS_SEARCH_USER_PATHS = NO;
				CLANG_ANALYZER_NONNULL = YES;
				CLANG_CXX_LANGUAGE_STANDARD = "gnu++0x";
				CLANG_CXX_LIBRARY = "libc++";
				CLANG_ENABLE_MODULES = YES;
				CLANG_ENABLE_OBJC_ARC = YES;
				CLANG_WARN_BOOL_CONVERSION = YES;
				CLANG_WARN_CONSTANT_CONVERSION = YES;
				CLANG_WARN_DIRECT_OBJC_ISA_USAGE = YES_ERROR;
				CLANG_WARN_EMPTY_BODY = YES;
				CLANG_WARN_ENUM_CONVERSION = YES;
				CLANG_WARN_INT_CONVERSION = YES;
				CLANG_WARN_OBJC_ROOT_CLASS = YES_ERROR;
				CLANG_WARN_UNREACHABLE_CODE = YES;
				CLANG_WARN__DUPLICATE_METHOD_MATCH = YES;
				"CODE_SIGN_IDENTITY[sdk=iphoneos*]" = "iPhone Developer";
				COPY_PHASE_STRIP = NO;
				DEBUG_INFORMATION_FORMAT = "dwarf-with-dsym";
				ENABLE_NS_ASSERTIONS = NO;
				ENABLE_STRICT_OBJC_MSGSEND = YES;
				GCC_C_LANGUAGE_STANDARD = gnu99;
				GCC_NO_COMMON_BLOCKS = YES;
				GCC_WARN_64_TO_32_BIT_CONVERSION = YES;
				GCC_WARN_ABOUT_RETURN_TYPE = YES_ERROR;
				GCC_WARN_UNDECLARED_SELECTOR = YES;
				GCC_WARN_UNINITIALIZED_AUTOS = YES_AGGRESSIVE;
				GCC_WARN_UNUSED_FUNCTION = YES;
				GCC_WARN_UNUSED_VARIABLE = YES;
				IPHONEOS_DEPLOYMENT_TARGET = 9.3;
				MTL_ENABLE_DEBUG_INFO = NO;
				SDKROOT = iphoneos;
				VALIDATE_PRODUCT = YES;
			};
			name = Release;
		};
		187D3C7B1D103353007354AC /* Debug */ = {
			isa = XCBuildConfiguration;
			buildSettings = {
				ASSETCATALOG_COMPILER_APPICON_NAME = AppIcon;
				ASSETCATALOG_COMPILER_LAUNCHIMAGE_NAME = "Brand Assets";
				INFOPLIST_FILE = iOSKnowledges/Info.plist;
				LD_RUNPATH_SEARCH_PATHS = "$(inherited) @executable_path/Frameworks";
				PRODUCT_BUNDLE_IDENTIFIER = com.LHW.iOSKnowledges;
				PRODUCT_NAME = "$(TARGET_NAME)";
			};
			name = Debug;
		};
		187D3C7C1D103353007354AC /* Release */ = {
			isa = XCBuildConfiguration;
			buildSettings = {
				ASSETCATALOG_COMPILER_APPICON_NAME = AppIcon;
				ASSETCATALOG_COMPILER_LAUNCHIMAGE_NAME = "Brand Assets";
				INFOPLIST_FILE = iOSKnowledges/Info.plist;
				LD_RUNPATH_SEARCH_PATHS = "$(inherited) @executable_path/Frameworks";
				PRODUCT_BUNDLE_IDENTIFIER = com.LHW.iOSKnowledges;
				PRODUCT_NAME = "$(TARGET_NAME)";
			};
			name = Release;
		};
		187D3C7E1D103353007354AC /* Debug */ = {
			isa = XCBuildConfiguration;
			buildSettings = {
				BUNDLE_LOADER = "$(TEST_HOST)";
				INFOPLIST_FILE = iOSKnowledgesTests/Info.plist;
				LD_RUNPATH_SEARCH_PATHS = "$(inherited) @executable_path/Frameworks @loader_path/Frameworks";
				PRODUCT_BUNDLE_IDENTIFIER = com.LHW.iOSKnowledgesTests;
				PRODUCT_NAME = "$(TARGET_NAME)";
				TEST_HOST = "$(BUILT_PRODUCTS_DIR)/iOSKnowledges.app/iOSKnowledges";
			};
			name = Debug;
		};
		187D3C7F1D103353007354AC /* Release */ = {
			isa = XCBuildConfiguration;
			buildSettings = {
				BUNDLE_LOADER = "$(TEST_HOST)";
				INFOPLIST_FILE = iOSKnowledgesTests/Info.plist;
				LD_RUNPATH_SEARCH_PATHS = "$(inherited) @executable_path/Frameworks @loader_path/Frameworks";
				PRODUCT_BUNDLE_IDENTIFIER = com.LHW.iOSKnowledgesTests;
				PRODUCT_NAME = "$(TARGET_NAME)";
				TEST_HOST = "$(BUILT_PRODUCTS_DIR)/iOSKnowledges.app/iOSKnowledges";
			};
			name = Release;
		};
		187D3C811D103353007354AC /* Debug */ = {
			isa = XCBuildConfiguration;
			buildSettings = {
				INFOPLIST_FILE = iOSKnowledgesUITests/Info.plist;
				LD_RUNPATH_SEARCH_PATHS = "$(inherited) @executable_path/Frameworks @loader_path/Frameworks";
				PRODUCT_BUNDLE_IDENTIFIER = com.LHW.iOSKnowledgesUITests;
				PRODUCT_NAME = "$(TARGET_NAME)";
				TEST_TARGET_NAME = iOSKnowledges;
			};
			name = Debug;
		};
		187D3C821D103353007354AC /* Release */ = {
			isa = XCBuildConfiguration;
			buildSettings = {
				INFOPLIST_FILE = iOSKnowledgesUITests/Info.plist;
				LD_RUNPATH_SEARCH_PATHS = "$(inherited) @executable_path/Frameworks @loader_path/Frameworks";
				PRODUCT_BUNDLE_IDENTIFIER = com.LHW.iOSKnowledgesUITests;
				PRODUCT_NAME = "$(TARGET_NAME)";
				TEST_TARGET_NAME = iOSKnowledges;
			};
			name = Release;
		};
/* End XCBuildConfiguration section */

/* Begin XCConfigurationList section */
		187D3C451D103353007354AC /* Build configuration list for PBXProject "iOSKnowledges" */ = {
			isa = XCConfigurationList;
			buildConfigurations = (
				187D3C781D103353007354AC /* Debug */,
				187D3C791D103353007354AC /* Release */,
			);
			defaultConfigurationIsVisible = 0;
			defaultConfigurationName = Release;
		};
		187D3C7A1D103353007354AC /* Build configuration list for PBXNativeTarget "iOSKnowledges" */ = {
			isa = XCConfigurationList;
			buildConfigurations = (
				187D3C7B1D103353007354AC /* Debug */,
				187D3C7C1D103353007354AC /* Release */,
			);
			defaultConfigurationIsVisible = 0;
			defaultConfigurationName = Release;
		};
		187D3C7D1D103353007354AC /* Build configuration list for PBXNativeTarget "iOSKnowledgesTests" */ = {
			isa = XCConfigurationList;
			buildConfigurations = (
				187D3C7E1D103353007354AC /* Debug */,
				187D3C7F1D103353007354AC /* Release */,
			);
			defaultConfigurationIsVisible = 0;
			defaultConfigurationName = Release;
		};
		187D3C801D103353007354AC /* Build configuration list for PBXNativeTarget "iOSKnowledgesUITests" */ = {
			isa = XCConfigurationList;
			buildConfigurations = (
				187D3C811D103353007354AC /* Debug */,
				187D3C821D103353007354AC /* Release */,
			);
			defaultConfigurationIsVisible = 0;
			defaultConfigurationName = Release;
		};
/* End XCConfigurationList section */

/* Begin XCVersionGroup section */
		187D3C591D103353007354AC /* iOSKnowledges.xcdatamodeld */ = {
			isa = XCVersionGroup;
			children = (
				187D3C5A1D103353007354AC /* iOSKnowledges.xcdatamodel */,
			);
			currentVersion = 187D3C5A1D103353007354AC /* iOSKnowledges.xcdatamodel */;
			path = iOSKnowledges.xcdatamodeld;
			sourceTree = "<group>";
			versionGroupType = wrapper.xcdatamodel;
		};
/* End XCVersionGroup section */
	};
	rootObject = 187D3C421D103353007354AC /* Project object */;
}
